
Microsoft Visual Studio Solution File, Format Version 12.00
# Visual Studio Version 17
VisualStudioVersion = 17.11.35327.3
MinimumVisualStudioVersion = 10.0.40219.1
Project("{F14B399A-7131-4C87-9E4B-1186C45EF12D}") = "Prospect Context Report 04222025", "Prospect Context Report 04222025\Prospect Context Report 04222025.rptproj", "{9FBBDE40-A5E0-4904-BA06-55519281C2F6}"
EndProject
Project("{2150E333-8FDC-42A3-9474-1A3956D46DE8}") = "SQL Programs", "SQL Programs", "{B90B79FB-D91D-4479-A54C-7C28ED3FD2B1}"
	ProjectSection(SolutionItems) = preProject
		Prospect Context Report 04222025\SQLQuery1.sql = Prospect Context Report 04222025\SQLQuery1.sql
	EndProjectSection
EndProject
Global
	GlobalSection(SolutionConfigurationPlatforms) = preSolution
		Debug|Default = Debug|Default
		DebugLocal|Default = DebugLocal|Default
		Release|Default = Release|Default
	EndGlobalSection
	GlobalSection(ProjectConfigurationPlatforms) = postSolution
		{9FBBDE40-A5E0-4904-BA06-55519281C2F6}.Debug|Default.ActiveCfg = Debug
		{9FBBDE40-A5E0-4904-BA06-55519281C2F6}.Debug|Default.Build.0 = Debug
		{9FBBDE40-A5E0-4904-BA06-55519281C2F6}.Debug|Default.Deploy.0 = Debug
		{9FBBDE40-A5E0-4904-BA06-55519281C2F6}.DebugLocal|Default.ActiveCfg = DebugLocal
		{9FBBDE40-A5E0-4904-BA06-55519281C2F6}.DebugLocal|Default.Build.0 = DebugLocal
		{9FBBDE40-A5E0-4904-BA06-55519281C2F6}.Release|Default.ActiveCfg = Release
		{9FBBDE40-A5E0-4904-BA06-55519281C2F6}.Release|Default.Build.0 = Release
		{9FBBDE40-A5E0-4904-BA06-55519281C2F6}.Release|Default.Deploy.0 = Release
	EndGlobalSection
	GlobalSection(SolutionProperties) = preSolution
		HideSolutionNode = FALSE
	EndGlobalSection
	GlobalSection(ExtensibilityGlobals) = postSolution
		SolutionGuid = {FEB4F34D-343F-46E8-B82C-91A3652E753A}
	EndGlobalSection
EndGlobal
